
Microsoft Visual Studio Solution File, Format Version 12.00
# Visual Studio Version 17
VisualStudioVersion = 17.4.33213.308
MinimumVisualStudioVersion = 10.0.40219.1
Project("{FAE04EC0-301F-11D3-BF4B-00C04F79EFBC}") = "NotificationSample", "NotificationSample\NotificationSample.csproj", "{B7037796-42C5-4DD3-BB3C-0B36293692D5}"
EndProject
Global
	GlobalSection(SolutionConfigurationPlatforms) = preSolution
		Debug|Any CPU = Debug|Any CPU
		Release|Any CPU = Release|Any CPU
	EndGlobalSection
	GlobalSection(ProjectConfigurationPlatforms) = postSolution
		{B7037796-42C5-4DD3-BB3C-0B36293692D5}.Debug|Any CPU.ActiveCfg = Debug|Any CPU
		{B7037796-42C5-4DD3-BB3C-0B36293692D5}.Debug|Any CPU.Build.0 = Debug|Any CPU
		{B7037796-42C5-4DD3-BB3C-0B36293692D5}.Release|Any CPU.ActiveCfg = Release|Any CPU
		{B7037796-42C5-4DD3-BB3C-0B36293692D5}.Release|Any CPU.Build.0 = Release|Any CPU
	EndGlobalSection
	GlobalSection(SolutionProperties) = preSolution
		HideSolutionNode = FALSE
	EndGlobalSection
	GlobalSection(ExtensibilityGlobals) = postSolution
		SolutionGuid = {296C300C-971D-4BC6-AD81-065A860E672C}
	EndGlobalSection
EndGlobal
